Microsoft Visual Studio Solution File, Format Version 12.00
# Visual Studio Version 17
VisualStudioVersion = 17.0.31903.59
MinimumVisualStudioVersion = 10.0.40219.1
Project("{2150E333-8FDC-42A3-9474-1A3956D46DE8}") = "GLFW3", "GLFW3", "{096F0181-E7B9-3C0B-BCA6-337E88B0B6D8}"
EndProject
Project("{2150E333-8FDC-42A3-9474-1A3956D46DE8}") = "Examples", "Examples", "{27FC32A2-F9D5-30F7-931D-90C4A185BCAB}"
EndProject
Project("{8BC9CEB8-8B4A-11D0-8D11-00A0C91BC942}") = "boing", "examples\boing.vcxproj", "{3BFACB2C-995C-3873-B958-0CCC462D8289}"
	ProjectSection(ProjectDependencies) = postProject
		{98DE20A1-C04D-3B6C-85CF-125DBEC49698} = {98DE20A1-C04D-3B6C-85CF-125DBEC49698}
	EndProjectSection
EndProject
Project("{8BC9CEB8-8B4A-11D0-8D11-00A0C91BC942}") = "gears", "examples\gears.vcxproj", "{EC60B1FA-A1B2-36CB-BD16-1B2835B44D92}"
	ProjectSection(ProjectDependencies) = postProject
		{98DE20A1-C04D-3B6C-85CF-125DBEC49698} = {98DE20A1-C04D-3B6C-85CF-125DBEC49698}
	EndProjectSection
EndProject
Project("{8BC9CEB8-8B4A-11D0-8D11-00A0C91BC942}") = "glfw", "src\glfw.vcxproj", "{98DE20A1-C04D-3B6C-85CF-125DBEC49698}"
EndProject
Project("{8BC9CEB8-8B4A-11D0-8D11-00A0C91BC942}") = "heightmap", "examples\heightmap.vcxproj", "{CBD9622C-F367-3C90-AE06-D01991378018}"
	ProjectSection(ProjectDependencies) = postProject
		{98DE20A1-C04D-3B6C-85CF-125DBEC49698} = {98DE20A1-C04D-3B6C-85CF-125DBEC49698}
	EndProjectSection
EndProject
Project("{8BC9CEB8-8B4A-11D0-8D11-00A0C91BC942}") = "offscreen", "examples\offscreen.vcxproj", "{BBF18D6B-3706-3354-905A-50D178B7C197}"
	ProjectSection(ProjectDependencies) = postProject
		{98DE20A1-C04D-3B6C-85CF-125DBEC49698} = {98DE20A1-C04D-3B6C-85CF-125DBEC49698}
	EndProjectSection
EndProject
Project("{8BC9CEB8-8B4A-11D0-8D11-00A0C91BC942}") = "particles", "examples\particles.vcxproj", "{E98FA092-5D45-3E4D-91F5-BA89A3FDE4D0}"
	ProjectSection(ProjectDependencies) = postProject
		{98DE20A1-C04D-3B6C-85CF-125DBEC49698} = {98DE20A1-C04D-3B6C-85CF-125DBEC49698}
	EndProjectSection
EndProject
Project("{8BC9CEB8-8B4A-11D0-8D11-00A0C91BC942}") = "sharing", "examples\sharing.vcxproj", "{14F35E78-DE5E-38BC-8585-75476D1398DB}"
	ProjectSection(ProjectDependencies) = postProject
		{98DE20A1-C04D-3B6C-85CF-125DBEC49698} = {98DE20A1-C04D-3B6C-85CF-125DBEC49698}
	EndProjectSection
EndProject
Project("{8BC9CEB8-8B4A-11D0-8D11-00A0C91BC942}") = "simple", "examples\simple.vcxproj", "{C680D175-3D5D-3625-A5D9-7D155D43E31E}"
	ProjectSection(ProjectDependencies) = postProject
		{98DE20A1-C04D-3B6C-85CF-125DBEC49698} = {98DE20A1-C04D-3B6C-85CF-125DBEC49698}
	EndProjectSection
EndProject
Project("{8BC9CEB8-8B4A-11D0-8D11-00A0C91BC942}") = "splitview", "examples\splitview.vcxproj", "{FE3ACBCF-8E8C-3CE2-B5FF-ED0237DE0E2F}"
	ProjectSection(ProjectDependencies) = postProject
		{98DE20A1-C04D-3B6C-85CF-125DBEC49698} = {98DE20A1-C04D-3B6C-85CF-125DBEC49698}
	EndProjectSection
EndProject
Project("{8BC9CEB8-8B4A-11D0-8D11-00A0C91BC942}") = "wave", "examples\wave.vcxproj", "{FCC6F1D5-F4A1-3012-8AB4-58A45173DE4D}"
	ProjectSection(ProjectDependencies) = postProject
		{98DE20A1-C04D-3B6C-85CF-125DBEC49698} = {98DE20A1-C04D-3B6C-85CF-125DBEC49698}
	EndProjectSection
EndProject
Global
	GlobalSection(SolutionConfigurationPlatforms) = preSolution
		vs2019_Debug|x64 = vs2019_Debug|x64
		vs2019_Release|x64 = vs2019_Release|x64
		vs2022_Debug|x64 = vs2022_Debug|x64
		vs2022_Release|x64 = vs2022_Release|x64
	EndGlobalSection
	GlobalSection(ProjectConfigurationPlatforms) = postSolution
		{3BFACB2C-995C-3873-B958-0CCC462D8289}.vs2019_Debug|x64.ActiveCfg = vs2019_Debug|x64
		{3BFACB2C-995C-3873-B958-0CCC462D8289}.vs2019_Debug|x64.Build.0 = vs2019_Debug|x64
		{3BFACB2C-995C-3873-B958-0CCC462D8289}.vs2019_Release|x64.ActiveCfg = vs2019_Release|x64
		{3BFACB2C-995C-3873-B958-0CCC462D8289}.vs2019_Release|x64.Build.0 = vs2019_Release|x64
		{3BFACB2C-995C-3873-B958-0CCC462D8289}.vs2022_Debug|x64.ActiveCfg = vs2022_Debug|x64
		{3BFACB2C-995C-3873-B958-0CCC462D8289}.vs2022_Debug|x64.Build.0 = vs2022_Debug|x64
		{3BFACB2C-995C-3873-B958-0CCC462D8289}.vs2022_Release|x64.ActiveCfg = vs2022_Release|x64
		{3BFACB2C-995C-3873-B958-0CCC462D8289}.vs2022_Release|x64.Build.0 = vs2022_Release|x64
		{EC60B1FA-A1B2-36CB-BD16-1B2835B44D92}.vs2019_Debug|x64.ActiveCfg = vs2019_Debug|x64
		{EC60B1FA-A1B2-36CB-BD16-1B2835B44D92}.vs2019_Debug|x64.Build.0 = vs2019_Debug|x64
		{EC60B1FA-A1B2-36CB-BD16-1B2835B44D92}.vs2019_Release|x64.ActiveCfg = vs2019_Release|x64
		{EC60B1FA-A1B2-36CB-BD16-1B2835B44D92}.vs2019_Release|x64.Build.0 = vs2019_Release|x64
		{EC60B1FA-A1B2-36CB-BD16-1B2835B44D92}.vs2022_Debug|x64.ActiveCfg = vs2022_Debug|x64
		{EC60B1FA-A1B2-36CB-BD16-1B2835B44D92}.vs2022_Debug|x64.Build.0 = vs2022_Debug|x64
		{EC60B1FA-A1B2-36CB-BD16-1B2835B44D92}.vs2022_Release|x64.ActiveCfg = vs2022_Release|x64
		{EC60B1FA-A1B2-36CB-BD16-1B2835B44D92}.vs2022_Release|x64.Build.0 = vs2022_Release|x64
		{98DE20A1-C04D-3B6C-85CF-125DBEC49698}.vs2019_Debug|x64.ActiveCfg = vs2019_Debug|x64
		{98DE20A1-C04D-3B6C-85CF-125DBEC49698}.vs2019_Debug|x64.Build.0 = vs2019_Debug|x64
		{98DE20A1-C04D-3B6C-85CF-125DBEC49698}.vs2019_Release|x64.ActiveCfg = vs2019_Release|x64
		{98DE20A1-C04D-3B6C-85CF-125DBEC49698}.vs2019_Release|x64.Build.0 = vs2019_Release|x64
		{98DE20A1-C04D-3B6C-85CF-125DBEC49698}.vs2022_Debug|x64.ActiveCfg = vs2022_Debug|x64
		{98DE20A1-C04D-3B6C-85CF-125DBEC49698}.vs2022_Debug|x64.Build.0 = vs2022_Debug|x64
		{98DE20A1-C04D-3B6C-85CF-125DBEC49698}.vs2022_Release|x64.ActiveCfg = vs2022_Release|x64
		{98DE20A1-C04D-3B6C-85CF-125DBEC49698}.vs2022_Release|x64.Build.0 = vs2022_Release|x64
		{CBD9622C-F367-3C90-AE06-D01991378018}.vs2019_Debug|x64.ActiveCfg = vs2019_Debug|x64
		{CBD9622C-F367-3C90-AE06-D01991378018}.vs2019_Debug|x64.Build.0 = vs2019_Debug|x64
		{CBD9622C-F367-3C90-AE06-D01991378018}.vs2019_Release|x64.ActiveCfg = vs2019_Release|x64
		{CBD9622C-F367-3C90-AE06-D01991378018}.vs2019_Release|x64.Build.0 = vs2019_Release|x64
		{CBD9622C-F367-3C90-AE06-D01991378018}.vs2022_Debug|x64.ActiveCfg = vs2022_Debug|x64
		{CBD9622C-F367-3C90-AE06-D01991378018}.vs2022_Debug|x64.Build.0 = vs2022_Debug|x64
		{CBD9622C-F367-3C90-AE06-D01991378018}.vs2022_Release|x64.ActiveCfg = vs2022_Release|x64
		{CBD9622C-F367-3C90-AE06-D01991378018}.vs2022_Release|x64.Build.0 = vs2022_Release|x64
		{BBF18D6B-3706-3354-905A-50D178B7C197}.vs2019_Debug|x64.ActiveCfg = vs2019_Debug|x64
		{BBF18D6B-3706-3354-905A-50D178B7C197}.vs2019_Debug|x64.Build.0 = vs2019_Debug|x64
		{BBF18D6B-3706-3354-905A-50D178B7C197}.vs2019_Release|x64.ActiveCfg = vs2019_Release|x64
		{BBF18D6B-3706-3354-905A-50D178B7C197}.vs2019_Release|x64.Build.0 = vs2019_Release|x64
		{BBF18D6B-3706-3354-905A-50D178B7C197}.vs2022_Debug|x64.ActiveCfg = vs2022_Debug|x64
		{BBF18D6B-3706-3354-905A-50D178B7C197}.vs2022_Debug|x64.Build.0 = vs2022_Debug|x64
		{BBF18D6B-3706-3354-905A-50D178B7C197}.vs2022_Release|x64.ActiveCfg = vs2022_Release|x64
		{BBF18D6B-3706-3354-905A-50D178B7C197}.vs2022_Release|x64.Build.0 = vs2022_Release|x64
		{E98FA092-5D45-3E4D-91F5-BA89A3FDE4D0}.vs2019_Debug|x64.ActiveCfg = vs2019_Debug|x64
		{E98FA092-5D45-3E4D-91F5-BA89A3FDE4D0}.vs2019_Debug|x64.Build.0 = vs2019_Debug|x64
		{E98FA092-5D45-3E4D-91F5-BA89A3FDE4D0}.vs2019_Release|x64.ActiveCfg = vs2019_Release|x64
		{E98FA092-5D45-3E4D-91F5-BA89A3FDE4D0}.vs2019_Release|x64.Build.0 = vs2019_Release|x64
		{E98FA092-5D45-3E4D-91F5-BA89A3FDE4D0}.vs2022_Debug|x64.ActiveCfg = vs2022_Debug|x64
		{E98FA092-5D45-3E4D-91F5-BA89A3FDE4D0}.vs2022_Debug|x64.Build.0 = vs2022_Debug|x64
		{E98FA092-5D45-3E4D-91F5-BA89A3FDE4D0}.vs2022_Release|x64.ActiveCfg = vs2022_Release|x64
		{E98FA092-5D45-3E4D-91F5-BA89A3FDE4D0}.vs2022_Release|x64.Build.0 = vs2022_Release|x64
		{14F35E78-DE5E-38BC-8585-75476D1398DB}.vs2019_Debug|x64.ActiveCfg = vs2019_Debug|x64
		{14F35E78-DE5E-38BC-8585-75476D1398DB}.vs2019_Debug|x64.Build.0 = vs2019_Debug|x64
		{14F35E78-DE5E-38BC-8585-75476D1398DB}.vs2019_Release|x64.ActiveCfg = vs2019_Release|x64
		{14F35E78-DE5E-38BC-8585-75476D1398DB}.vs2019_Release|x64.Build.0 = vs2019_Release|x64
		{14F35E78-DE5E-38BC-8585-75476D1398DB}.vs2022_Debug|x64.ActiveCfg = vs2022_Debug|x64
		{14F35E78-DE5E-38BC-8585-75476D1398DB}.vs2022_Debug|x64.Build.0 = vs2022_Debug|x64
		{14F35E78-DE5E-38BC-8585-75476D1398DB}.vs2022_Release|x64.ActiveCfg = vs2022_Release|x64
		{14F35E78-DE5E-38BC-8585-75476D1398DB}.vs2022_Release|x64.Build.0 = vs2022_Release|x64
		{C680D175-3D5D-3625-A5D9-7D155D43E31E}.vs2019_Debug|x64.ActiveCfg = vs2019_Debug|x64
		{C680D175-3D5D-3625-A5D9-7D155D43E31E}.vs2019_Debug|x64.Build.0 = vs2019_Debug|x64
		{C680D175-3D5D-3625-A5D9-7D155D43E31E}.vs2019_Release|x64.ActiveCfg = vs2019_Release|x64
		{C680D175-3D5D-3625-A5D9-7D155D43E31E}.vs2019_Release|x64.Build.0 = vs2019_Release|x64
		{C680D175-3D5D-3625-A5D9-7D155D43E31E}.vs2022_Debug|x64.ActiveCfg = vs2022_Debug|x64
		{C680D175-3D5D-3625-A5D9-7D155D43E31E}.vs2022_Debug|x64.Build.0 = vs2022_Debug|x64
		{C680D175-3D5D-3625-A5D9-7D155D43E31E}.vs2022_Release|x64.ActiveCfg = vs2022_Release|x64
		{C680D175-3D5D-3625-A5D9-7D155D43E31E}.vs2022_Release|x64.Build.0 = vs2022_Release|x64
		{FE3ACBCF-8E8C-3CE2-B5FF-ED0237DE0E2F}.vs2019_Debug|x64.ActiveCfg = vs2019_Debug|x64
		{FE3ACBCF-8E8C-3CE2-B5FF-ED0237DE0E2F}.vs2019_Debug|x64.Build.0 = vs2019_Debug|x64
		{FE3ACBCF-8E8C-3CE2-B5FF-ED0237DE0E2F}.vs2019_Release|x64.ActiveCfg = vs2019_Release|x64
		{FE3ACBCF-8E8C-3CE2-B5FF-ED0237DE0E2F}.vs2019_Release|x64.Build.0 = vs2019_Release|x64
		{FE3ACBCF-8E8C-3CE2-B5FF-ED0237DE0E2F}.vs2022_Debug|x64.ActiveCfg = vs2022_Debug|x64
		{FE3ACBCF-8E8C-3CE2-B5FF-ED0237DE0E2F}.vs2022_Debug|x64.Build.0 = vs2022_Debug|x64
		{FE3ACBCF-8E8C-3CE2-B5FF-ED0237DE0E2F}.vs2022_Release|x64.ActiveCfg = vs2022_Release|x64
		{FE3ACBCF-8E8C-3CE2-B5FF-ED0237DE0E2F}.vs2022_Release|x64.Build.0 = vs2022_Release|x64
		{FCC6F1D5-F4A1-3012-8AB4-58A45173DE4D}.vs2019_Debug|x64.ActiveCfg = vs2019_Debug|x64
		{FCC6F1D5-F4A1-3012-8AB4-58A45173DE4D}.vs2019_Debug|x64.Build.0 = vs2019_Debug|x64
		{FCC6F1D5-F4A1-3012-8AB4-58A45173DE4D}.vs2019_Release|x64.ActiveCfg = vs2019_Release|x64
		{FCC6F1D5-F4A1-3012-8AB4-58A45173DE4D}.vs2019_Release|x64.Build.0 = vs2019_Release|x64
		{FCC6F1D5-F4A1-3012-8AB4-58A45173DE4D}.vs2022_Debug|x64.ActiveCfg = vs2022_Debug|x64
		{FCC6F1D5-F4A1-3012-8AB4-58A45173DE4D}.vs2022_Debug|x64.Build.0 = vs2022_Debug|x64
		{FCC6F1D5-F4A1-3012-8AB4-58A45173DE4D}.vs2022_Release|x64.ActiveCfg = vs2022_Release|x64
		{FCC6F1D5-F4A1-3012-8AB4-58A45173DE4D}.vs2022_Release|x64.Build.0 = vs2022_Release|x64
	EndGlobalSection
	GlobalSection(SolutionProperties) = preSolution
		HideSolutionNode = FALSE
	EndGlobalSection
	GlobalSection(NestedProjects) = preSolution
		{27FC32A2-F9D5-30F7-931D-90C4A185BCAB} = {096F0181-E7B9-3C0B-BCA6-337E88B0B6D8}
		{3BFACB2C-995C-3873-B958-0CCC462D8289} = {27FC32A2-F9D5-30F7-931D-90C4A185BCAB}
		{EC60B1FA-A1B2-36CB-BD16-1B2835B44D92} = {27FC32A2-F9D5-30F7-931D-90C4A185BCAB}
		{98DE20A1-C04D-3B6C-85CF-125DBEC49698} = {096F0181-E7B9-3C0B-BCA6-337E88B0B6D8}
		{CBD9622C-F367-3C90-AE06-D01991378018} = {27FC32A2-F9D5-30F7-931D-90C4A185BCAB}
		{BBF18D6B-3706-3354-905A-50D178B7C197} = {27FC32A2-F9D5-30F7-931D-90C4A185BCAB}
		{E98FA092-5D45-3E4D-91F5-BA89A3FDE4D0} = {27FC32A2-F9D5-30F7-931D-90C4A185BCAB}
		{14F35E78-DE5E-38BC-8585-75476D1398DB} = {27FC32A2-F9D5-30F7-931D-90C4A185BCAB}
		{C680D175-3D5D-3625-A5D9-7D155D43E31E} = {27FC32A2-F9D5-30F7-931D-90C4A185BCAB}
		{FE3ACBCF-8E8C-3CE2-B5FF-ED0237DE0E2F} = {27FC32A2-F9D5-30F7-931D-90C4A185BCAB}
		{FCC6F1D5-F4A1-3012-8AB4-58A45173DE4D} = {27FC32A2-F9D5-30F7-931D-90C4A185BCAB}
	EndGlobalSection
	GlobalSection(ExtensibilityGlobals) = postSolution
		SolutionGuid = {95DA53E3-F602-3890-98AE-55BA403C4A6D}
	EndGlobalSection
EndGlobal
